
Microsoft Visual Studio Solution File, Format Version 12.00
# Visual Studio Version 17
VisualStudioVersion = 17.8.34511.84
MinimumVisualStudioVersion = 10.0.40219.1
Project("{F184B08F-C81C-45F6-A57F-5ABD9991F28F}") = "Point of Sales - System", "Point of Sales - System\Point of Sales - System.vbproj", "{9CD21ED2-5820-4B08-BA21-34A89D415355}"
EndProject
Global
	GlobalSection(SolutionConfigurationPlatforms) = preSolution
		Debug|Any CPU = Debug|Any CPU
		Release|Any CPU = Release|Any CPU
	EndGlobalSection
	GlobalSection(ProjectConfigurationPlatforms) = postSolution
		{9CD21ED2-5820-4B08-BA21-34A89D415355}.Debug|Any CPU.ActiveCfg = Debug|Any CPU
		{9CD21ED2-5820-4B08-BA21-34A89D415355}.Debug|Any CPU.Build.0 = Debug|Any CPU
		{9CD21ED2-5820-4B08-BA21-34A89D415355}.Release|Any CPU.ActiveCfg = Release|Any CPU
		{9CD21ED2-5820-4B08-BA21-34A89D415355}.Release|Any CPU.Build.0 = Release|Any CPU
	EndGlobalSection
	GlobalSection(SolutionProperties) = preSolution
		HideSolutionNode = FALSE
	EndGlobalSection
	GlobalSection(ExtensibilityGlobals) = postSolution
		SolutionGuid = {17CE0724-0955-4F64-95F4-AD6F5B3037A5}
	EndGlobalSection
EndGlobal
